
Microsoft Visual Studio Solution File, Format Version 12.00
# Visual Studio Version 16
VisualStudioVersion = 16.0.32106.194
MinimumVisualStudioVersion = 10.0.40219.1
Project("{FAE04EC0-301F-11D3-BF4B-00C04F79EFBC}") = "hourses", "hourses\hourses.csproj", "{D464E9DC-242E-42F6-A5C7-961777BCEBB0}"
EndProject
Global
	GlobalSection(SolutionConfigurationPlatforms) = preSolution
		Debug|Any CPU = Debug|Any CPU
		Release|Any CPU = Release|Any CPU
	EndGlobalSection
	GlobalSection(ProjectConfigurationPlatforms) = postSolution
		{D464E9DC-242E-42F6-A5C7-961777BCEBB0}.Debug|Any CPU.ActiveCfg = Debug|Any CPU
		{D464E9DC-242E-42F6-A5C7-961777BCEBB0}.Debug|Any CPU.Build.0 = Debug|Any CPU
		{D464E9DC-242E-42F6-A5C7-961777BCEBB0}.Release|Any CPU.ActiveCfg = Release|Any CPU
		{D464E9DC-242E-42F6-A5C7-961777BCEBB0}.Release|Any CPU.Build.0 = Release|Any CPU
	EndGlobalSection
	GlobalSection(SolutionProperties) = preSolution
		HideSolutionNode = FALSE
	EndGlobalSection
	GlobalSection(ExtensibilityGlobals) = postSolution
		SolutionGuid = {907920E4-DF5F-4544-964F-2FF2CEA9B7B3}
	EndGlobalSection
EndGlobal
